{
  "version": "5",
  "specifiers": {
    "jsr:@deno/cache-dir@0.25.0": "0.25.0",
    "jsr:@necessary/sodium@0.1.0-alpha.2": "0.1.0-alpha.2",
    "jsr:@std/bytes@^1.0.5": "1.0.6",
    "jsr:@std/fmt@^1.0.3": "1.0.8",
    "jsr:@std/fs@^1.0.6": "1.0.19",
    "jsr:@std/internal@^1.0.10": "1.0.10",
    "jsr:@std/io@0.225": "0.225.2",
    "jsr:@std/path@1.1.2": "1.1.2",
    "jsr:@std/path@^1.0.8": "1.1.2"
  },
  "jsr": {
    "@deno/cache-dir@0.25.0": {
      "integrity": "e9c3e901f87961a813a197b076668007699953dcbeb3af51971d90fdb0d29723",
      "dependencies": [
        "jsr:@std/fmt",
        "jsr:@std/fs",
        "jsr:@std/io",
        "jsr:@std/path@^1.0.8"
      ]
    },
    "@necessary/sodium@0.1.0-alpha.2": {
      "integrity": "57d5a58deb1d558c3b06a6db63a1c8988e275bde803cee8322469960c2ba0d08",
      "dependencies": [
        "jsr:@deno/cache-dir",
        "jsr:@std/path@1.1.2"
      ]
    },
    "@necessary/sodium@0.1.0-alpha.3": {
      "integrity": "00c444be35041340e992b94c93b57585a5d21b5286f00ddca6f741f534a60829",
      "dependencies": [
        "jsr:@deno/cache-dir",
        "jsr:@std/path@1.1.2"
      ]
    },
    "@std/bytes@1.0.6": {
      "integrity": "f6ac6adbd8ccd99314045f5703e23af0a68d7f7e58364b47d2c7f408aeb5820a"
    },
    "@std/fmt@1.0.8": {
      "integrity": "71e1fc498787e4434d213647a6e43e794af4fd393ef8f52062246e06f7e372b7"
    },
    "@std/fs@1.0.19": {
      "integrity": "051968c2b1eae4d2ea9f79a08a3845740ef6af10356aff43d3e2ef11ed09fb06"
    },
    "@std/internal@1.0.10": {
      "integrity": "e3be62ce42cab0e177c27698e5d9800122f67b766a0bea6ca4867886cbde8cf7"
    },
    "@std/io@0.225.2": {
      "integrity": "3c740cd4ee4c082e6cfc86458f47e2ab7cb353dc6234d5e9b1f91a2de5f4d6c7",
      "dependencies": [
        "jsr:@std/bytes"
      ]
    },
    "@std/path@1.1.2": {
      "integrity": "c0b13b97dfe06546d5e16bf3966b1cadf92e1cc83e56ba5476ad8b498d9e3038",
      "dependencies": [
        "jsr:@std/internal"
      ]
    }
  },
  "remote": {
    "https://deno.land/std@0.224.0/collections/_utils.ts": "b2ec8ada31b5a72ebb1d99774b849b4c09fe4b3a38d07794bd010bd218a16e0b",
    "https://deno.land/std@0.224.0/collections/deep_merge.ts": "04f8d2a6cfa15c7580e788689bcb5e162512b9ccb18bab1241824b432a78551e",
    "https://deno.land/std@0.224.0/toml/_parser.ts": "187560eb4465977808b18c68299e1f5a6e4631c0a181d868c8f24722cf9146d1",
    "https://deno.land/std@0.224.0/toml/mod.ts": "a457ea7877a6d5e7f3d6985c43da4d2ecd7461038d5c4c7a0089737e90a7ee90",
    "https://deno.land/std@0.224.0/toml/parse.ts": "2f0729a8f62c7e508af8dfada0386a4bc2c0d664ef4d26090df03cf495dcb25a",
    "https://deno.land/std@0.224.0/toml/stringify.ts": "8b9ba3c1bf8fa7d58d7b62ad62b3174dbbc51050d5cc302aa8e2834089c00d73"
  }
}
